
Microsoft Visual Studio Solution File, Format Version 12.00
# Visual Studio Version 17
VisualStudioVersion = 17.13.35825.156
MinimumVisualStudioVersion = 10.0.40219.1
Project("{2150E333-8FDC-42A3-9474-1A3956D46DE8}") = "aspire", "aspire", "{02EA681E-C7D8-13C7-8484-4AC65E1B71E8}"
EndProject
Project("{2150E333-8FDC-42A3-9474-1A3956D46DE8}") = "services", "services", "{C2213D26-532D-4355-90A3-D982D7CC1BBD}"
EndProject
Project("{2150E333-8FDC-42A3-9474-1A3956D46DE8}") = "frontend", "frontend", "{02F26740-2505-435A-83B3-01F4689FC4A2}"
EndProject
Project("{FAE04EC0-301F-11D3-BF4B-00C04F79EFBC}") = "AppHost", "AppHost\AppHost.csproj", "{20C6B5CF-8D5A-4081-8B73-771C98733A61}"
EndProject
Project("{FAE04EC0-301F-11D3-BF4B-00C04F79EFBC}") = "ServiceDefaults", "ServiceDefaults\ServiceDefaults.csproj", "{A817BBAB-A027-4979-AD79-A0B91545A493}"
EndProject
Project("{FAE04EC0-301F-11D3-BF4B-00C04F79EFBC}") = "Catalog", "Catalog\Catalog.csproj", "{7B8BF9C4-B1AD-4E5F-A837-0F0FBF4240D8}"
EndProject
Project("{FAE04EC0-301F-11D3-BF4B-00C04F79EFBC}") = "Basket", "Basket\Basket.csproj", "{4174C482-D773-4860-8B94-3200F6EAE9C9}"
EndProject
Project("{2150E333-8FDC-42A3-9474-1A3956D46DE8}") = "src", "src", "{2DAC2383-6B31-491E-B35B-0782E81D1D28}"
EndProject
Global
	GlobalSection(SolutionConfigurationPlatforms) = preSolution
		Debug|Any CPU = Debug|Any CPU
		Release|Any CPU = Release|Any CPU
	EndGlobalSection
	GlobalSection(ProjectConfigurationPlatforms) = postSolution
		{20C6B5CF-8D5A-4081-8B73-771C98733A61}.Debug|Any CPU.ActiveCfg = Debug|Any CPU
		{20C6B5CF-8D5A-4081-8B73-771C98733A61}.Debug|Any CPU.Build.0 = Debug|Any CPU
		{20C6B5CF-8D5A-4081-8B73-771C98733A61}.Release|Any CPU.ActiveCfg = Release|Any CPU
		{20C6B5CF-8D5A-4081-8B73-771C98733A61}.Release|Any CPU.Build.0 = Release|Any CPU
		{A817BBAB-A027-4979-AD79-A0B91545A493}.Debug|Any CPU.ActiveCfg = Debug|Any CPU
		{A817BBAB-A027-4979-AD79-A0B91545A493}.Debug|Any CPU.Build.0 = Debug|Any CPU
		{A817BBAB-A027-4979-AD79-A0B91545A493}.Release|Any CPU.ActiveCfg = Release|Any CPU
		{A817BBAB-A027-4979-AD79-A0B91545A493}.Release|Any CPU.Build.0 = Release|Any CPU
		{7B8BF9C4-B1AD-4E5F-A837-0F0FBF4240D8}.Debug|Any CPU.ActiveCfg = Debug|Any CPU
		{7B8BF9C4-B1AD-4E5F-A837-0F0FBF4240D8}.Debug|Any CPU.Build.0 = Debug|Any CPU
		{7B8BF9C4-B1AD-4E5F-A837-0F0FBF4240D8}.Release|Any CPU.ActiveCfg = Release|Any CPU
		{7B8BF9C4-B1AD-4E5F-A837-0F0FBF4240D8}.Release|Any CPU.Build.0 = Release|Any CPU
		{4174C482-D773-4860-8B94-3200F6EAE9C9}.Debug|Any CPU.ActiveCfg = Debug|Any CPU
		{4174C482-D773-4860-8B94-3200F6EAE9C9}.Debug|Any CPU.Build.0 = Debug|Any CPU
		{4174C482-D773-4860-8B94-3200F6EAE9C9}.Release|Any CPU.ActiveCfg = Release|Any CPU
		{4174C482-D773-4860-8B94-3200F6EAE9C9}.Release|Any CPU.Build.0 = Release|Any CPU
	EndGlobalSection
	GlobalSection(SolutionProperties) = preSolution
		HideSolutionNode = FALSE
	EndGlobalSection
	GlobalSection(NestedProjects) = preSolution
		{02EA681E-C7D8-13C7-8484-4AC65E1B71E8} = {2DAC2383-6B31-491E-B35B-0782E81D1D28}
		{C2213D26-532D-4355-90A3-D982D7CC1BBD} = {2DAC2383-6B31-491E-B35B-0782E81D1D28}
		{02F26740-2505-435A-83B3-01F4689FC4A2} = {2DAC2383-6B31-491E-B35B-0782E81D1D28}
		{20C6B5CF-8D5A-4081-8B73-771C98733A61} = {02EA681E-C7D8-13C7-8484-4AC65E1B71E8}
		{A817BBAB-A027-4979-AD79-A0B91545A493} = {02EA681E-C7D8-13C7-8484-4AC65E1B71E8}
		{7B8BF9C4-B1AD-4E5F-A837-0F0FBF4240D8} = {C2213D26-532D-4355-90A3-D982D7CC1BBD}
		{4174C482-D773-4860-8B94-3200F6EAE9C9} = {C2213D26-532D-4355-90A3-D982D7CC1BBD}
	EndGlobalSection
	GlobalSection(ExtensibilityGlobals) = postSolution
		SolutionGuid = {1A3F47B3-B06F-416A-86E7-400A542D54E2}
	EndGlobalSection
EndGlobal
